
Microsoft Visual Studio Solution File, Format Version 12.00
# Visual Studio 14
VisualStudioVersion = 14.0.25420.1
MinimumVisualStudioVersion = 10.0.40219.1
Project("{FAE04EC0-301F-11D3-BF4B-00C04F79EFBC}") = "AZURE.API.OWTSERVICE", "AZURE.API.OWTSERVICE\AZURE.API.OWTSERVICE.csproj", "{2B679C74-AAB6-441B-9C0A-6246723041F9}"
EndProject
Global
	GlobalSection(SolutionConfigurationPlatforms) = preSolution
		Azure|Any CPU = Azure|Any CPU
		Debug|Any CPU = Debug|Any CPU
		Dev|Any CPU = Dev|Any CPU
		Prod|Any CPU = Prod|Any CPU
		QA|Any CPU = QA|Any CPU
		Release|Any CPU = Release|Any CPU
		Train|Any CPU = Train|Any CPU
	EndGlobalSection
	GlobalSection(ProjectConfigurationPlatforms) = postSolution
		{2B679C74-AAB6-441B-9C0A-6246723041F9}.Azure|Any CPU.ActiveCfg = Azure|Any CPU
		{2B679C74-AAB6-441B-9C0A-6246723041F9}.Azure|Any CPU.Build.0 = Azure|Any CPU
		{2B679C74-AAB6-441B-9C0A-6246723041F9}.Debug|Any CPU.ActiveCfg = Debug|Any CPU
		{2B679C74-AAB6-441B-9C0A-6246723041F9}.Debug|Any CPU.Build.0 = Debug|Any CPU
		{2B679C74-AAB6-441B-9C0A-6246723041F9}.Dev|Any CPU.ActiveCfg = Dev|Any CPU
		{2B679C74-AAB6-441B-9C0A-6246723041F9}.Dev|Any CPU.Build.0 = Dev|Any CPU
		{2B679C74-AAB6-441B-9C0A-6246723041F9}.Prod|Any CPU.ActiveCfg = Prod|Any CPU
		{2B679C74-AAB6-441B-9C0A-6246723041F9}.Prod|Any CPU.Build.0 = Prod|Any CPU
		{2B679C74-AAB6-441B-9C0A-6246723041F9}.QA|Any CPU.ActiveCfg = QA|Any CPU
		{2B679C74-AAB6-441B-9C0A-6246723041F9}.QA|Any CPU.Build.0 = QA|Any CPU
		{2B679C74-AAB6-441B-9C0A-6246723041F9}.Release|Any CPU.ActiveCfg = Release|Any CPU
		{2B679C74-AAB6-441B-9C0A-6246723041F9}.Release|Any CPU.Build.0 = Release|Any CPU
		{2B679C74-AAB6-441B-9C0A-6246723041F9}.Train|Any CPU.ActiveCfg = Train|Any CPU
		{2B679C74-AAB6-441B-9C0A-6246723041F9}.Train|Any CPU.Build.0 = Train|Any CPU
	EndGlobalSection
	GlobalSection(SolutionProperties) = preSolution
		HideSolutionNode = FALSE
	EndGlobalSection
EndGlobal
